
Microsoft Visual Studio Solution File, Format Version 12.00
# Visual Studio Version 16
VisualStudioVersion = 16.0.29306.81
MinimumVisualStudioVersion = 10.0.40219.1
Project("{FAE04EC0-301F-11D3-BF4B-00C04F79EFBC}") = "01_HtmlHelperMethods", "01_HtmlHelperMethods\01_HtmlHelperMethods.csproj", "{0C4C4866-A13D-442B-B2DB-DC81596E2BD4}"
EndProject
Project("{FAE04EC0-301F-11D3-BF4B-00C04F79EFBC}") = "03_HtmlFormSample", "03_HtmlFormSample\03_HtmlFormSample.csproj", "{6F573825-05E8-4B75-813E-AD8A29F7FD9E}"
EndProject
Project("{FAE04EC0-301F-11D3-BF4B-00C04F79EFBC}") = "01_ListElements", "01_ListElements\01_ListElements.csproj", "{68721AEA-A0BE-4BE4-BB3F-EE6A27F74A09}"
EndProject
Project("{FAE04EC0-301F-11D3-BF4B-00C04F79EFBC}") = "02_ListElements", "02_ListElements\02_ListElements.csproj", "{6FF75277-11EF-4A27-ADD1-DB0AB2C8BA39}"
EndProject
Project("{FAE04EC0-301F-11D3-BF4B-00C04F79EFBC}") = "HomeworkAdditionalCalc", "HomeworkAdditionalCalc\HomeworkAdditionalCalc.csproj", "{CFB4A23A-1661-47A8-A633-CE8732380EB0}"
EndProject
Project("{FAE04EC0-301F-11D3-BF4B-00C04F79EFBC}") = "Test", "Test\Test.csproj", "{7CCE089C-EDDA-4193-B54C-A8378320E735}"
EndProject
Project("{FAE04EC0-301F-11D3-BF4B-00C04F79EFBC}") = "Homework2Webgrid", "Homework2Webgrid\Homework2Webgrid.csproj", "{67DB9E24-04C6-42C1-8D53-6DDA7F2696E6}"
EndProject
Global
	GlobalSection(SolutionConfigurationPlatforms) = preSolution
		Debug|Any CPU = Debug|Any CPU
		Release|Any CPU = Release|Any CPU
	EndGlobalSection
	GlobalSection(ProjectConfigurationPlatforms) = postSolution
		{0C4C4866-A13D-442B-B2DB-DC81596E2BD4}.Debug|Any CPU.ActiveCfg = Debug|Any CPU
		{0C4C4866-A13D-442B-B2DB-DC81596E2BD4}.Debug|Any CPU.Build.0 = Debug|Any CPU
		{0C4C4866-A13D-442B-B2DB-DC81596E2BD4}.Release|Any CPU.ActiveCfg = Release|Any CPU
		{0C4C4866-A13D-442B-B2DB-DC81596E2BD4}.Release|Any CPU.Build.0 = Release|Any CPU
		{6F573825-05E8-4B75-813E-AD8A29F7FD9E}.Debug|Any CPU.ActiveCfg = Debug|Any CPU
		{6F573825-05E8-4B75-813E-AD8A29F7FD9E}.Debug|Any CPU.Build.0 = Debug|Any CPU
		{6F573825-05E8-4B75-813E-AD8A29F7FD9E}.Release|Any CPU.ActiveCfg = Release|Any CPU
		{6F573825-05E8-4B75-813E-AD8A29F7FD9E}.Release|Any CPU.Build.0 = Release|Any CPU
		{68721AEA-A0BE-4BE4-BB3F-EE6A27F74A09}.Debug|Any CPU.ActiveCfg = Debug|Any CPU
		{68721AEA-A0BE-4BE4-BB3F-EE6A27F74A09}.Debug|Any CPU.Build.0 = Debug|Any CPU
		{68721AEA-A0BE-4BE4-BB3F-EE6A27F74A09}.Release|Any CPU.ActiveCfg = Release|Any CPU
		{68721AEA-A0BE-4BE4-BB3F-EE6A27F74A09}.Release|Any CPU.Build.0 = Release|Any CPU
		{6FF75277-11EF-4A27-ADD1-DB0AB2C8BA39}.Debug|Any CPU.ActiveCfg = Debug|Any CPU
		{6FF75277-11EF-4A27-ADD1-DB0AB2C8BA39}.Debug|Any CPU.Build.0 = Debug|Any CPU
		{6FF75277-11EF-4A27-ADD1-DB0AB2C8BA39}.Release|Any CPU.ActiveCfg = Release|Any CPU
		{6FF75277-11EF-4A27-ADD1-DB0AB2C8BA39}.Release|Any CPU.Build.0 = Release|Any CPU
		{CFB4A23A-1661-47A8-A633-CE8732380EB0}.Debug|Any CPU.ActiveCfg = Debug|Any CPU
		{CFB4A23A-1661-47A8-A633-CE8732380EB0}.Debug|Any CPU.Build.0 = Debug|Any CPU
		{CFB4A23A-1661-47A8-A633-CE8732380EB0}.Release|Any CPU.ActiveCfg = Release|Any CPU
		{CFB4A23A-1661-47A8-A633-CE8732380EB0}.Release|Any CPU.Build.0 = Release|Any CPU
		{7CCE089C-EDDA-4193-B54C-A8378320E735}.Debug|Any CPU.ActiveCfg = Debug|Any CPU
		{7CCE089C-EDDA-4193-B54C-A8378320E735}.Debug|Any CPU.Build.0 = Debug|Any CPU
		{7CCE089C-EDDA-4193-B54C-A8378320E735}.Release|Any CPU.ActiveCfg = Release|Any CPU
		{7CCE089C-EDDA-4193-B54C-A8378320E735}.Release|Any CPU.Build.0 = Release|Any CPU
		{67DB9E24-04C6-42C1-8D53-6DDA7F2696E6}.Debug|Any CPU.ActiveCfg = Debug|Any CPU
		{67DB9E24-04C6-42C1-8D53-6DDA7F2696E6}.Debug|Any CPU.Build.0 = Debug|Any CPU
		{67DB9E24-04C6-42C1-8D53-6DDA7F2696E6}.Release|Any CPU.ActiveCfg = Release|Any CPU
		{67DB9E24-04C6-42C1-8D53-6DDA7F2696E6}.Release|Any CPU.Build.0 = Release|Any CPU
	EndGlobalSection
	GlobalSection(SolutionProperties) = preSolution
		HideSolutionNode = FALSE
	EndGlobalSection
	GlobalSection(ExtensibilityGlobals) = postSolution
		SolutionGuid = {6D783A84-ACF5-4BD1-97C4-615EB4A45652}
	EndGlobalSection
EndGlobal
